// !$*UTF8*$!
{
	archiveVersion = 1;
	classes = {
	};
	objectVersion = 46;
	objects = {

/* Begin PBXBuildFile section */
		A83F13BC3FF3695469B60D67 /* Pods_SocialClone.framework in Frameworks */ = {isa = PBXBuildFile; fileRef = 22E509AE5726E315B8D8E790 /* Pods_SocialClone.framework */; };
		F35B6D291DE4801D0002EF0D /* FancyView.swift in Sources */ = {isa = PBXBuildFile; fileRef = F35B6D281DE4801D0002EF0D /* FancyView.swift */; };
		F35B6D2C1DE481AD0002EF0D /* Constants.swift in Sources */ = {isa = PBXBuildFile; fileRef = F35B6D2B1DE481AD0002EF0D /* Constants.swift */; };
		F35B6D2E1DE488550002EF0D /* RoundBtn.swift in Sources */ = {isa = PBXBuildFile; fileRef = F35B6D2D1DE488550002EF0D /* RoundBtn.swift */; };
		F35B6D301DE48B8A0002EF0D /* FancyField.swift in Sources */ = {isa = PBXBuildFile; fileRef = F35B6D2F1DE48B8A0002EF0D /* FancyField.swift */; };
		F35B6D321DE48C8C0002EF0D /* FancyBtn.swift in Sources */ = {isa = PBXBuildFile; fileRef = F35B6D311DE48C8C0002EF0D /* FancyBtn.swift */; };
		F384703D1DE32A3D00605E42 /* AppDelegate.swift in Sources */ = {isa = PBXBuildFile; fileRef = F384703C1DE32A3D00605E42 /* AppDelegate.swift */; };
		F384703F1DE32A3D00605E42 /* ViewController.swift in Sources */ = {isa = PBXBuildFile; fileRef = F384703E1DE32A3D00605E42 /* ViewController.swift */; };
		F38470421DE32A3D00605E42 /* Main.storyboard in Resources */ = {isa = PBXBuildFile; fileRef = F38470401DE32A3D00605E42 /* Main.storyboard */; };
		F38470441DE32A3D00605E42 /* Assets.xcassets in Resources */ = {isa = PBXBuildFile; fileRef = F38470431DE32A3D00605E42 /* Assets.xcassets */; };
		F38470471DE32A3D00605E42 /* LaunchScreen.storyboard in Resources */ = {isa = PBXBuildFile; fileRef = F38470451DE32A3D00605E42 /* LaunchScreen.storyboard */; };
		F3A4EE721DE332C1003DB5CF /* GoogleService-Info.plist in Resources */ = {isa = PBXBuildFile; fileRef = F3A4EE711DE332C1003DB5CF /* GoogleService-Info.plist */; };
/* End PBXBuildFile section */

/* Begin PBXFileReference section */
		22E509AE5726E315B8D8E790 /* Pods_SocialClone.framework */ = {isa = PBXFileReference; explicitFileType = wrapper.framework; includeInIndex = 0; path = Pods_SocialClone.framework; sourceTree = BUILT_PRODUCTS_DIR; };
		5F480EA5D73E51D15A95AE73 /* Pods-SocialClone.debug.xcconfig */ = {isa = PBXFileReference; includeInIndex = 1; lastKnownFileType = text.xcconfig; name = "Pods-SocialClone.debug.xcconfig"; path = "Pods/Target Support Files/Pods-SocialClone/Pods-SocialClone.debug.xcconfig"; sourceTree = "<group>"; };
		D056E9F93659EA3BD23C27E0 /* Pods-SocialClone.release.xcconfig */ = {isa = PBXFileReference; includeInIndex = 1; lastKnownFileType = text.xcconfig; name = "Pods-SocialClone.release.xcconfig"; path = "Pods/Target Support Files/Pods-SocialClone/Pods-SocialClone.release.xcconfig"; sourceTree = "<group>"; };
		F35166CA1DEC74E90009A317 /* SocialClone.entitlements */ = {isa = PBXFileReference; lastKnownFileType = text.plist.entitlements; path = SocialClone.entitlements; sourceTree = "<group>"; };
		F35B6D281DE4801D0002EF0D /* FancyView.swift */ = {isa = PBXFileReference; fileEncoding = 4; lastKnownFileType = sourcecode.swift; path = FancyView.swift; sourceTree = "<group>"; };
		F35B6D2B1DE481AD0002EF0D /* Constants.swift */ = {isa = PBXFileReference; fileEncoding = 4; lastKnownFileType = sourcecode.swift; path = Constants.swift; sourceTree = "<group>"; };
		F35B6D2D1DE488550002EF0D /* RoundBtn.swift */ = {isa = PBXFileReference; fileEncoding = 4; lastKnownFileType = sourcecode.swift; path = RoundBtn.swift; sourceTree = "<group>"; };
		F35B6D2F1DE48B8A0002EF0D /* FancyField.swift */ = {isa = PBXFileReference; fileEncoding = 4; lastKnownFileType = sourcecode.swift; path = FancyField.swift; sourceTree = "<group>"; };
		F35B6D311DE48C8C0002EF0D /* FancyBtn.swift */ = {isa = PBXFileReference; fileEncoding = 4; lastKnownFileType = sourcecode.swift; path = FancyBtn.swift; sourceTree = "<group>"; };
		F38470391DE32A3D00605E42 /* SocialClone.app */ = {isa = PBXFileReference; explicitFileType = wrapper.application; includeInIndex = 0; path = SocialClone.app; sourceTree = BUILT_PRODUCTS_DIR; };
		F384703C1DE32A3D00605E42 /* AppDelegate.swift */ = {isa = PBXFileReference; lastKnownFileType = sourcecode.swift; path = AppDelegate.swift; sourceTree = "<group>"; };
		F384703E1DE32A3D00605E42 /* ViewController.swift */ = {isa = PBXFileReference; lastKnownFileType = sourcecode.swift; path = ViewController.swift; sourceTree = "<group>"; };
		F38470411DE32A3D00605E42 /* Base */ = {isa = PBXFileReference; lastKnownFileType = file.storyboard; name = Base; path = Base.lproj/Main.storyboard; sourceTree = "<group>"; };
		F38470431DE32A3D00605E42 /* Assets.xcassets */ = {isa = PBXFileReference; lastKnownFileType = folder.assetcatalog; path = Assets.xcassets; sourceTree = "<group>"; };
		F38470461DE32A3D00605E42 /* Base */ = {isa = PBXFileReference; lastKnownFileType = file.storyboard; name = Base; path = Base.lproj/LaunchScreen.storyboard; sourceTree = "<group>"; };
		F38470481DE32A3D00605E42 /* Info.plist */ = {isa = PBXFileReference; lastKnownFileType = text.plist.xml; path = Info.plist; sourceTree = "<group>"; };
		F3A4EE711DE332C1003DB5CF /* GoogleService-Info.plist */ = {isa = PBXFileReference; fileEncoding = 4; lastKnownFileType = text.plist.xml; path = "GoogleService-Info.plist"; sourceTree = "<group>"; };
/* End PBXFileReference section */

/* Begin PBXFrameworksBuildPhase section */
		F38470361DE32A3D00605E42 /* Frameworks */ = {
			isa = PBXFrameworksBuildPhase;
			buildActionMask = 2147483647;
			files = (
				A83F13BC3FF3695469B60D67 /* Pods_SocialClone.framework in Frameworks */,
			);
			runOnlyForDeploymentPostprocessing = 0;
		};
/* End PBXFrameworksBuildPhase section */

/* Begin PBXGroup section */
		52A5DB46B162A839C5098B95 /* Pods */ = {
			isa = PBXGroup;
			children = (
				5F480EA5D73E51D15A95AE73 /* Pods-SocialClone.debug.xcconfig */,
				D056E9F93659EA3BD23C27E0 /* Pods-SocialClone.release.xcconfig */,
			);
			name = Pods;
			sourceTree = "<group>";
		};
		F35B6D251DE47F840002EF0D /* Controller */ = {
			isa = PBXGroup;
			children = (
				F384703E1DE32A3D00605E42 /* ViewController.swift */,
			);
			name = Controller;
			sourceTree = "<group>";
		};
		F35B6D261DE47F9A0002EF0D /* View */ = {
			isa = PBXGroup;
			children = (
				F35B6D281DE4801D0002EF0D /* FancyView.swift */,
				F35B6D2D1DE488550002EF0D /* RoundBtn.swift */,
				F35B6D2F1DE48B8A0002EF0D /* FancyField.swift */,
				F35B6D311DE48C8C0002EF0D /* FancyBtn.swift */,
			);
			name = View;
			sourceTree = "<group>";
		};
		F35B6D271DE47FA40002EF0D /* Model */ = {
			isa = PBXGroup;
			children = (
			);
			name = Model;
			sourceTree = "<group>";
		};
		F35B6D2A1DE480E70002EF0D /* Util */ = {
			isa = PBXGroup;
			children = (
				F35B6D2B1DE481AD0002EF0D /* Constants.swift */,
			);
			name = Util;
			sourceTree = "<group>";
		};
		F38470301DE32A3D00605E42 = {
			isa = PBXGroup;
			children = (
				F384703B1DE32A3D00605E42 /* SocialClone */,
				F384703A1DE32A3D00605E42 /* Products */,
				52A5DB46B162A839C5098B95 /* Pods */,
				FAD152A1E2B4CD7ADAD7488C /* Frameworks */,
			);
			sourceTree = "<group>";
		};
		F384703A1DE32A3D00605E42 /* Products */ = {
			isa = PBXGroup;
			children = (
				F38470391DE32A3D00605E42 /* SocialClone.app */,
			);
			name = Products;
			sourceTree = "<group>";
		};
		F384703B1DE32A3D00605E42 /* SocialClone */ = {
			isa = PBXGroup;
			children = (
				F35166CA1DEC74E90009A317 /* SocialClone.entitlements */,
				F35B6D2A1DE480E70002EF0D /* Util */,
				F35B6D271DE47FA40002EF0D /* Model */,
				F35B6D261DE47F9A0002EF0D /* View */,
				F35B6D251DE47F840002EF0D /* Controller */,
				F38470401DE32A3D00605E42 /* Main.storyboard */,
				F384703C1DE32A3D00605E42 /* AppDelegate.swift */,
				F38470431DE32A3D00605E42 /* Assets.xcassets */,
				F38470451DE32A3D00605E42 /* LaunchScreen.storyboard */,
				F3A4EE711DE332C1003DB5CF /* GoogleService-Info.plist */,
				F38470481DE32A3D00605E42 /* Info.plist */,
			);
			path = SocialClone;
			sourceTree = "<group>";
		};
		FAD152A1E2B4CD7ADAD7488C /* Frameworks */ = {
			isa = PBXGroup;
			children = (
				22E509AE5726E315B8D8E790 /* Pods_SocialClone.framework */,
			);
			name = Frameworks;
			sourceTree = "<group>";
		};
/* End PBXGroup section */

/* Begin PBXNativeTarget section */
		F38470381DE32A3D00605E42 /* SocialClone */ = {
			isa = PBXNativeTarget;
			buildConfigurationList = F384704B1DE32A3D00605E42 /* Build configuration list for PBXNativeTarget "SocialClone" */;
			buildPhases = (
				A3DA6680046BA502484E8066 /* [CP] Check Pods Manifest.lock */,
				F38470351DE32A3D00605E42 /* Sources */,
				F38470361DE32A3D00605E42 /* Frameworks */,
				F38470371DE32A3D00605E42 /* Resources */,
				5E141A3D32281D21065A70B2 /* [CP] Embed Pods Frameworks */,
				AB51AC1FB9356A2A734DCEFD /* [CP] Copy Pods Resources */,
			);
			buildRules = (
			);
			dependencies = (
			);
			name = SocialClone;
			productName = SocialClone;
			productReference = F38470391DE32A3D00605E42 /* SocialClone.app */;
			productType = "com.apple.product-type.application";
		};
/* End PBXNativeTarget section */

/* Begin PBXProject section */
		F38470311DE32A3D00605E42 /* Project object */ = {
			isa = PBXProject;
			attributes = {
				LastSwiftUpdateCheck = 0800;
				LastUpgradeCheck = 0800;
				ORGANIZATIONNAME = "Mark Chen";
				TargetAttributes = {
					F38470381DE32A3D00605E42 = {
						CreatedOnToolsVersion = 8.0;
						DevelopmentTeam = D5Y4T59L79;
						ProvisioningStyle = Automatic;
						SystemCapabilities = {
							com.apple.Keychain = {
								enabled = 1;
							};
						};
					};
				};
			};
			buildConfigurationList = F38470341DE32A3D00605E42 /* Build configuration list for PBXProject "SocialClone" */;
			compatibilityVersion = "Xcode 3.2";
			developmentRegion = English;
			hasScannedForEncodings = 0;
			knownRegions = (
				en,
				Base,
			);
			mainGroup = F38470301DE32A3D00605E42;
			productRefGroup = F384703A1DE32A3D00605E42 /* Products */;
			projectDirPath = "";
			projectRoot = "";
			targets = (
				F38470381DE32A3D00605E42 /* SocialClone */,
			);
		};
/* End PBXProject section */

/* Begin PBXResourcesBuildPhase section */
		F38470371DE32A3D00605E42 /* Resources */ = {
			isa = PBXResourcesBuildPhase;
			buildActionMask = 2147483647;
			files = (
				F38470471DE32A3D00605E42 /* LaunchScreen.storyboard in Resources */,
				F3A4EE721DE332C1003DB5CF /* GoogleService-Info.plist in Resources */,
				F38470441DE32A3D00605E42 /* Assets.xcassets in Resources */,
				F38470421DE32A3D00605E42 /* Main.storyboard in Resources */,
			);
			runOnlyForDeploymentPostprocessing = 0;
		};
/* End PBXResourcesBuildPhase section */

/* Begin PBXShellScriptBuildPhase section */
		5E141A3D32281D21065A70B2 /* [CP] Embed Pods Frameworks */ = {
			isa = PBXShellScriptBuildPhase;
			buildActionMask = 2147483647;
			files = (
			);
			inputPaths = (
			);
			name = "[CP] Embed Pods Frameworks";
			outputPaths = (
			);
			runOnlyForDeploymentPostprocessing = 0;
			shellPath = /bin/sh;
			shellScript = "\"${SRCROOT}/Pods/Target Support Files/Pods-SocialClone/Pods-SocialClone-frameworks.sh\"\n";
			showEnvVarsInLog = 0;
		};
		A3DA6680046BA502484E8066 /* [CP] Check Pods Manifest.lock */ = {
			isa = PBXShellScriptBuildPhase;
			buildActionMask = 2147483647;
			files = (
			);
			inputPaths = (
			);
			name = "[CP] Check Pods Manifest.lock";
			outputPaths = (
			);
			runOnlyForDeploymentPostprocessing = 0;
			shellPath = /bin/sh;
			shellScript = "diff \"${PODS_ROOT}/../Podfile.lock\" \"${PODS_ROOT}/Manifest.lock\" > /dev/null\nif [ $? != 0 ] ; then\n    # print error to STDERR\n    echo \"error: The sandbox is not in sync with the Podfile.lock. Run 'pod install' or update your CocoaPods installation.\" >&2\n    exit 1\nfi\n";
			showEnvVarsInLog = 0;
		};
		AB51AC1FB9356A2A734DCEFD /* [CP] Copy Pods Resources */ = {
			isa = PBXShellScriptBuildPhase;
			buildActionMask = 2147483647;
			files = (
			);
			inputPaths = (
			);
			name = "[CP] Copy Pods Resources";
			outputPaths = (
			);
			runOnlyForDeploymentPostprocessing = 0;
			shellPath = /bin/sh;
			shellScript = "\"${SRCROOT}/Pods/Target Support Files/Pods-SocialClone/Pods-SocialClone-resources.sh\"\n";
			showEnvVarsInLog = 0;
		};
/* End PBXShellScriptBuildPhase section */

/* Begin PBXSourcesBuildPhase section */
		F38470351DE32A3D00605E42 /* Sources */ = {
			isa = PBXSourcesBuildPhase;
			buildActionMask = 2147483647;
			files = (
				F35B6D301DE48B8A0002EF0D /* FancyField.swift in Sources */,
				F384703F1DE32A3D00605E42 /* ViewController.swift in Sources */,
				F35B6D2E1DE488550002EF0D /* RoundBtn.swift in Sources */,
				F384703D1DE32A3D00605E42 /* AppDelegate.swift in Sources */,
				F35B6D291DE4801D0002EF0D /* FancyView.swift in Sources */,
				F35B6D2C1DE481AD0002EF0D /* Constants.swift in Sources */,
				F35B6D321DE48C8C0002EF0D /* FancyBtn.swift in Sources */,
			);
			runOnlyForDeploymentPostprocessing = 0;
		};
/* End PBXSourcesBuildPhase section */

/* Begin PBXVariantGroup section */
		F38470401DE32A3D00605E42 /* Main.storyboard */ = {
			isa = PBXVariantGroup;
			children = (
				F38470411DE32A3D00605E42 /* Base */,
			);
			name = Main.storyboard;
			sourceTree = "<group>";
		};
		F38470451DE32A3D00605E42 /* LaunchScreen.storyboard */ = {
			isa = PBXVariantGroup;
			children = (
				F38470461DE32A3D00605E42 /* Base */,
			);
			name = LaunchScreen.storyboard;
			sourceTree = "<group>";
		};
/* End PBXVariantGroup section */

/* Begin XCBuildConfiguration section */
		F38470491DE32A3D00605E42 /* Debug */ = {
			isa = XCBuildConfiguration;
			buildSettings = {
				ALWAYS_SEARCH_USER_PATHS = NO;
				CLANG_ANALYZER_NONNULL = YES;
				CLANG_CXX_LANGUAGE_STANDARD = "gnu++0x";
				CLANG_CXX_LIBRARY = "libc++";
				CLANG_ENABLE_MODULES = YES;
				CLANG_ENABLE_OBJC_ARC = YES;
				CLANG_WARN_BOOL_CONVERSION = YES;
				CLANG_WARN_CONSTANT_CONVERSION = YES;
				CLANG_WARN_DIRECT_OBJC_ISA_USAGE = YES_ERROR;
				CLANG_WARN_DOCUMENTATION_COMMENTS = YES;
				CLANG_WARN_EMPTY_BODY = YES;
				CLANG_WARN_ENUM_CONVERSION = YES;
				CLANG_WARN_INFINITE_RECURSION = YES;
				CLANG_WARN_INT_CONVERSION = YES;
				CLANG_WARN_OBJC_ROOT_CLASS = YES_ERROR;
				CLANG_WARN_SUSPICIOUS_MOVE = YES;
				CLANG_WARN_SUSPICIOUS_MOVES = YES;
				CLANG_WARN_UNREACHABLE_CODE = YES;
				CLANG_WARN__DUPLICATE_METHOD_MATCH = YES;
				"CODE_SIGN_IDENTITY[sdk=iphoneos*]" = "iPhone Developer";
				COPY_PHASE_STRIP = NO;
				DEBUG_INFORMATION_FORMAT = dwarf;
				ENABLE_STRICT_OBJC_MSGSEND = YES;
				ENABLE_TESTABILITY = YES;
				GCC_C_LANGUAGE_STANDARD = gnu99;
				GCC_DYNAMIC_NO_PIC = NO;
				GCC_NO_COMMON_BLOCKS = YES;
				GCC_OPTIMIZATION_LEVEL = 0;
				GCC_PREPROCESSOR_DEFINITIONS = (
					"DEBUG=1",
					"$(inherited)",
				);
				GCC_WARN_64_TO_32_BIT_CONVERSION = YES;
				GCC_WARN_ABOUT_RETURN_TYPE = YES_ERROR;
				GCC_WARN_UNDECLARED_SELECTOR = YES;
				GCC_WARN_UNINITIALIZED_AUTOS = YES_AGGRESSIVE;
				GCC_WARN_UNUSED_FUNCTION = YES;
				GCC_WARN_UNUSED_VARIABLE = YES;
				IPHONEOS_DEPLOYMENT_TARGET = 10.0;
				MTL_ENABLE_DEBUG_INFO = YES;
				ONLY_ACTIVE_ARCH = YES;
				SDKROOT = iphoneos;
				SWIFT_ACTIVE_COMPILATION_CONDITIONS = DEBUG;
				SWIFT_OPTIMIZATION_LEVEL = "-Onone";
			};
			name = Debug;
		};
		F384704A1DE32A3D00605E42 /* Release */ = {
			isa = XCBuildConfiguration;
			buildSettings = {
				ALWAYS_SEARCH_USER_PATHS = NO;
				CLANG_ANALYZER_NONNULL = YES;
				CLANG_CXX_LANGUAGE_STANDARD = "gnu++0x";
				CLANG_CXX_LIBRARY = "libc++";
				CLANG_ENABLE_MODULES = YES;
				CLANG_ENABLE_OBJC_ARC = YES;
				CLANG_WARN_BOOL_CONVERSION = YES;
				CLANG_WARN_CONSTANT_CONVERSION = YES;
				CLANG_WARN_DIRECT_OBJC_ISA_USAGE = YES_ERROR;
				CLANG_WARN_DOCUMENTATION_COMMENTS = YES;
				CLANG_WARN_EMPTY_BODY = YES;
				CLANG_WARN_ENUM_CONVERSION = YES;
				CLANG_WARN_INFINITE_RECURSION = YES;
				CLANG_WARN_INT_CONVERSION = YES;
				CLANG_WARN_OBJC_ROOT_CLASS = YES_ERROR;
				CLANG_WARN_SUSPICIOUS_MOVE = YES;
				CLANG_WARN_SUSPICIOUS_MOVES = YES;
				CLANG_WARN_UNREACHABLE_CODE = YES;
				CLANG_WARN__DUPLICATE_METHOD_MATCH = YES;
				"CODE_SIGN_IDENTITY[sdk=iphoneos*]" = "iPhone Developer";
				COPY_PHASE_STRIP = NO;
				DEBUG_INFORMATION_FORMAT = "dwarf-with-dsym";
				ENABLE_NS_ASSERTIONS = NO;
				ENABLE_STRICT_OBJC_MSGSEND = YES;
				GCC_C_LANGUAGE_STANDARD = gnu99;
				GCC_NO_COMMON_BLOCKS = YES;
				GCC_WARN_64_TO_32_BIT_CONVERSION = YES;
				GCC_WARN_ABOUT_RETURN_TYPE = YES_ERROR;
				GCC_WARN_UNDECLARED_SELECTOR = YES;
				GCC_WARN_UNINITIALIZED_AUTOS = YES_AGGRESSIVE;
				GCC_WARN_UNUSED_FUNCTION = YES;
				GCC_WARN_UNUSED_VARIABLE = YES;
				IPHONEOS_DEPLOYMENT_TARGET = 10.0;
				MTL_ENABLE_DEBUG_INFO = NO;
				SDKROOT = iphoneos;
				SWIFT_OPTIMIZATION_LEVEL = "-Owholemodule";
				VALIDATE_PRODUCT = YES;
			};
			name = Release;
		};
		F384704C1DE32A3D00605E42 /* Debug */ = {
			isa = XCBuildConfiguration;
			baseConfigurationReference = 5F480EA5D73E51D15A95AE73 /* Pods-SocialClone.debug.xcconfig */;
			buildSettings = {
				ASSETCATALOG_COMPILER_APPICON_NAME = AppIcon;
				CODE_SIGN_ENTITLEMENTS = SocialClone/SocialClone.entitlements;
				DEVELOPMENT_TEAM = D5Y4T59L79;
				INFOPLIST_FILE = SocialClone/Info.plist;
				LD_RUNPATH_SEARCH_PATHS = "$(inherited) @executable_path/Frameworks";
				PRODUCT_BUNDLE_IDENTIFIER = com.b10009043.SocialClone;
				PRODUCT_NAME = "$(TARGET_NAME)";
				SWIFT_VERSION = 3.0;
			};
			name = Debug;
		};
		F384704D1DE32A3D00605E42 /* Release */ = {
			isa = XCBuildConfiguration;
			baseConfigurationReference = D056E9F93659EA3BD23C27E0 /* Pods-SocialClone.release.xcconfig */;
			buildSettings = {
				ASSETCATALOG_COMPILER_APPICON_NAME = AppIcon;
				CODE_SIGN_ENTITLEMENTS = SocialClone/SocialClone.entitlements;
				DEVELOPMENT_TEAM = D5Y4T59L79;
				INFOPLIST_FILE = SocialClone/Info.plist;
				LD_RUNPATH_SEARCH_PATHS = "$(inherited) @executable_path/Frameworks";
				PRODUCT_BUNDLE_IDENTIFIER = com.b10009043.SocialClone;
				PRODUCT_NAME = "$(TARGET_NAME)";
				SWIFT_VERSION = 3.0;
			};
			name = Release;
		};
/* End XCBuildConfiguration section */

/* Begin XCConfigurationList section */
		F38470341DE32A3D00605E42 /* Build configuration list for PBXProject "SocialClone" */ = {
			isa = XCConfigurationList;
			buildConfigurations = (
				F38470491DE32A3D00605E42 /* Debug */,
				F384704A1DE32A3D00605E42 /* Release */,
			);
			defaultConfigurationIsVisible = 0;
			defaultConfigurationName = Release;
		};
		F384704B1DE32A3D00605E42 /* Build configuration list for PBXNativeTarget "SocialClone" */ = {
			isa = XCConfigurationList;
			buildConfigurations = (
				F384704C1DE32A3D00605E42 /* Debug */,
				F384704D1DE32A3D00605E42 /* Release */,
			);
			defaultConfigurationIsVisible = 0;
			defaultConfigurationName = Release;
		};
/* End XCConfigurationList section */
	};
	rootObject = F38470311DE32A3D00605E42 /* Project object */;
}
